{
  "checksum": "79556668f3311f7b43194043670dce8c948e613e0883f0c8cff7c867cba16b06",
  "crates": {
    "direct-cargo-bazel-deps 0.0.1": {
      "name": "direct-cargo-bazel-deps",
      "version": "0.0.1",
      "repository": null,
      "targets": [
        {
          "Library": {
            "crate_name": "direct_cargo_bazel_deps",
            "crate_root": ".direct_cargo_bazel_deps.rs",
            "srcs": [
              "**/*.rs"
            ]
          }
        }
      ],
      "library_target_name": "direct_cargo_bazel_deps",
      "common_attrs": {
        "compile_data_glob": [
          "**"
        ],
        "deps": {
          "common": [
            {
              "id": "itertools 0.10.5",
              "target": "itertools"
            }
          ],
          "selects": {}
        },
        "edition": "2018",
        "version": "0.0.1"
      },
      "license": null
    },
    "either 1.8.1": {
      "name": "either",
      "version": "1.8.1",
      "repository": {
        "Http": {
          "url": "https://crates.io/api/v1/crates/either/1.8.1/download",
          "sha256": "7fcaabb2fef8c910e7f4c7ce9f67a1283a1715879a7c230ca9d6d1ae31f16d91"
        }
      },
      "targets": [
        {
          "Library": {
            "crate_name": "either",
            "crate_root": "src/lib.rs",
            "srcs": [
              "**/*.rs"
            ]
          }
        }
      ],
      "library_target_name": "either",
      "common_attrs": {
        "compile_data_glob": [
          "**"
        ],
        "crate_features": {
          "common": [
            "use_std"
          ],
          "selects": {}
        },
        "edition": "2018",
        "version": "1.8.1"
      },
      "license": "MIT OR Apache-2.0"
    },
    "itertools 0.10.5": {
      "name": "itertools",
      "version": "0.10.5",
      "repository": {
        "Http": {
          "url": "https://crates.io/api/v1/crates/itertools/0.10.5/download",
          "sha256": "b0fd2260e829bddf4cb6ea802289de2f86d6a7a690192fbe91b3f46e0f2c8473"
        }
      },
      "targets": [
        {
          "Library": {
            "crate_name": "itertools",
            "crate_root": "src/lib.rs",
            "srcs": [
              "**/*.rs"
            ]
          }
        }
      ],
      "library_target_name": "itertools",
      "common_attrs": {
        "compile_data_glob": [
          "**"
        ],
        "crate_features": {
          "common": [
            "default",
            "use_alloc",
            "use_std"
          ],
          "selects": {}
        },
        "deps": {
          "common": [
            {
              "id": "either 1.8.1",
              "target": "either"
            }
          ],
          "selects": {}
        },
        "edition": "2018",
        "version": "0.10.5"
      },
      "license": "MIT/Apache-2.0"
    }
  },
  "binary_crates": [],
  "workspace_members": {
    "direct-cargo-bazel-deps 0.0.1": ""
  },
  "conditions": {}
}
